
Microsoft Visual Studio Solution File, Format Version 12.00
# Visual Studio Version 16
VisualStudioVersion = 16.0.32002.261
MinimumVisualStudioVersion = 10.0.40219.1
Project("{FAE04EC0-301F-11D3-BF4B-00C04F79EFBC}") = "Lap 1 - Back in 30 minutes", "Lap 1 - Back in 30 minutes\Lap 1 - Back in 30 minutes.csproj", "{9C17E75D-B8A6-4982-9A6F-884F8AFCC980}"
EndProject
Global
	GlobalSection(SolutionConfigurationPlatforms) = preSolution
		Debug|Any CPU = Debug|Any CPU
		Release|Any CPU = Release|Any CPU
	EndGlobalSection
	GlobalSection(ProjectConfigurationPlatforms) = postSolution
		{9C17E75D-B8A6-4982-9A6F-884F8AFCC980}.Debug|Any CPU.ActiveCfg = Debug|Any CPU
		{9C17E75D-B8A6-4982-9A6F-884F8AFCC980}.Debug|Any CPU.Build.0 = Debug|Any CPU
		{9C17E75D-B8A6-4982-9A6F-884F8AFCC980}.Release|Any CPU.ActiveCfg = Release|Any CPU
		{9C17E75D-B8A6-4982-9A6F-884F8AFCC980}.Release|Any CPU.Build.0 = Release|Any CPU
	EndGlobalSection
	GlobalSection(SolutionProperties) = preSolution
		HideSolutionNode = FALSE
	EndGlobalSection
	GlobalSection(ExtensibilityGlobals) = postSolution
		SolutionGuid = {E0428155-7DAB-4A2B-8AFF-85DB19E90BE6}
	EndGlobalSection
EndGlobal
